
Microsoft Visual Studio Solution File, Format Version 12.00
# Visual Studio Version 17
VisualStudioVersion = 17.9.34701.34
MinimumVisualStudioVersion = 10.0.40219.1
Project("{F2A71F9B-5D33-465A-A702-920D77279786}") = "LandingPage", "LandingPage\LandingPage.fsproj", "{412C3581-E9DA-4E5B-B9F5-7FEF8778329D}"
EndProject
Global
	GlobalSection(SolutionConfigurationPlatforms) = preSolution
		Debug|Any CPU = Debug|Any CPU
		Release|Any CPU = Release|Any CPU
	EndGlobalSection
	GlobalSection(ProjectConfigurationPlatforms) = postSolution
		{412C3581-E9DA-4E5B-B9F5-7FEF8778329D}.Debug|Any CPU.ActiveCfg = Debug|Any CPU
		{412C3581-E9DA-4E5B-B9F5-7FEF8778329D}.Debug|Any CPU.Build.0 = Debug|Any CPU
		{412C3581-E9DA-4E5B-B9F5-7FEF8778329D}.Release|Any CPU.ActiveCfg = Release|Any CPU
		{412C3581-E9DA-4E5B-B9F5-7FEF8778329D}.Release|Any CPU.Build.0 = Release|Any CPU
	EndGlobalSection
	GlobalSection(SolutionProperties) = preSolution
		HideSolutionNode = FALSE
	EndGlobalSection
	GlobalSection(ExtensibilityGlobals) = postSolution
		SolutionGuid = {65BF2073-1D7A-4960-A767-94FA8A5B2DE0}
	EndGlobalSection
EndGlobal
